// !$*UTF8*$!
{
	archiveVersion = 1;
	classes = {
	};
	objectVersion = 50;
	objects = {

/* Begin PBXBuildFile section */
		37869A3625BC07620093BF13 /* AppDelegate.swift in Sources */ = {isa = PBXBuildFile; fileRef = 37869A3525BC07620093BF13 /* AppDelegate.swift */; };
		37869A3825BC07620093BF13 /* InstallViewController.swift in Sources */ = {isa = PBXBuildFile; fileRef = 37869A3725BC07620093BF13 /* InstallViewController.swift */; };
		37869A3B25BC07620093BF13 /* XCInstaller.xcdatamodeld in Sources */ = {isa = PBXBuildFile; fileRef = 37869A3925BC07620093BF13 /* XCInstaller.xcdatamodeld */; };
		37869A3D25BC07630093BF13 /* Assets.xcassets in Resources */ = {isa = PBXBuildFile; fileRef = 37869A3C25BC07630093BF13 /* Assets.xcassets */; };
		37869A4025BC07630093BF13 /* Main.storyboard in Resources */ = {isa = PBXBuildFile; fileRef = 37869A3E25BC07630093BF13 /* Main.storyboard */; };
		37869A4C25BC0C100093BF13 /* DeviceDataStore.swift in Sources */ = {isa = PBXBuildFile; fileRef = 37869A4B25BC0C100093BF13 /* DeviceDataStore.swift */; };
		37869A5325BC2A000093BF13 /* ShellCommandHandler.swift in Sources */ = {isa = PBXBuildFile; fileRef = 37869A5225BC2A000093BF13 /* ShellCommandHandler.swift */; };
/* End PBXBuildFile section */

/* Begin PBXFileReference section */
		37869A3225BC07620093BF13 /* XCInstaller.app */ = {isa = PBXFileReference; explicitFileType = wrapper.application; includeInIndex = 0; path = XCInstaller.app; sourceTree = BUILT_PRODUCTS_DIR; };
		37869A3525BC07620093BF13 /* AppDelegate.swift */ = {isa = PBXFileReference; lastKnownFileType = sourcecode.swift; path = AppDelegate.swift; sourceTree = "<group>"; };
		37869A3725BC07620093BF13 /* InstallViewController.swift */ = {isa = PBXFileReference; lastKnownFileType = sourcecode.swift; path = InstallViewController.swift; sourceTree = "<group>"; };
		37869A3A25BC07620093BF13 /* XCInstaller.xcdatamodel */ = {isa = PBXFileReference; lastKnownFileType = wrapper.xcdatamodel; path = XCInstaller.xcdatamodel; sourceTree = "<group>"; };
		37869A3C25BC07630093BF13 /* Assets.xcassets */ = {isa = PBXFileReference; lastKnownFileType = folder.assetcatalog; path = Assets.xcassets; sourceTree = "<group>"; };
		37869A3F25BC07630093BF13 /* Base */ = {isa = PBXFileReference; lastKnownFileType = file.storyboard; name = Base; path = Base.lproj/Main.storyboard; sourceTree = "<group>"; };
		37869A4125BC07630093BF13 /* Info.plist */ = {isa = PBXFileReference; lastKnownFileType = text.plist.xml; path = Info.plist; sourceTree = "<group>"; };
		37869A4225BC07630093BF13 /* XCInstaller.entitlements */ = {isa = PBXFileReference; lastKnownFileType = text.plist.entitlements; path = XCInstaller.entitlements; sourceTree = "<group>"; };
		37869A4B25BC0C100093BF13 /* DeviceDataStore.swift */ = {isa = PBXFileReference; lastKnownFileType = sourcecode.swift; path = DeviceDataStore.swift; sourceTree = "<group>"; };
		37869A5225BC2A000093BF13 /* ShellCommandHandler.swift */ = {isa = PBXFileReference; lastKnownFileType = sourcecode.swift; path = ShellCommandHandler.swift; sourceTree = "<group>"; };
/* End PBXFileReference section */

/* Begin PBXFrameworksBuildPhase section */
		37869A2F25BC07620093BF13 /* Frameworks */ = {
			isa = PBXFrameworksBuildPhase;
			buildActionMask = 2147483647;
			files = (
			);
			runOnlyForDeploymentPostprocessing = 0;
		};
/* End PBXFrameworksBuildPhase section */

/* Begin PBXGroup section */
		37869A2925BC07620093BF13 = {
			isa = PBXGroup;
			children = (
				37869A3425BC07620093BF13 /* XCInstaller */,
				37869A3325BC07620093BF13 /* Products */,
			);
			sourceTree = "<group>";
		};
		37869A3325BC07620093BF13 /* Products */ = {
			isa = PBXGroup;
			children = (
				37869A3225BC07620093BF13 /* XCInstaller.app */,
			);
			name = Products;
			sourceTree = "<group>";
		};
		37869A3425BC07620093BF13 /* XCInstaller */ = {
			isa = PBXGroup;
			children = (
				37869A5125BC29D80093BF13 /* Shell terminal */,
				37869A4A25BC0C040093BF13 /* DataStore */,
				37869A3525BC07620093BF13 /* AppDelegate.swift */,
				37869A3725BC07620093BF13 /* InstallViewController.swift */,
				37869A3C25BC07630093BF13 /* Assets.xcassets */,
				37869A3E25BC07630093BF13 /* Main.storyboard */,
				37869A4125BC07630093BF13 /* Info.plist */,
				37869A4225BC07630093BF13 /* XCInstaller.entitlements */,
				37869A3925BC07620093BF13 /* XCInstaller.xcdatamodeld */,
			);
			path = XCInstaller;
			sourceTree = "<group>";
		};
		37869A4A25BC0C040093BF13 /* DataStore */ = {
			isa = PBXGroup;
			children = (
				37869A4B25BC0C100093BF13 /* DeviceDataStore.swift */,
			);
			path = DataStore;
			sourceTree = "<group>";
		};
		37869A5125BC29D80093BF13 /* Shell terminal */ = {
			isa = PBXGroup;
			children = (
				37869A5225BC2A000093BF13 /* ShellCommandHandler.swift */,
			);
			path = "Shell terminal";
			sourceTree = "<group>";
		};
/* End PBXGroup section */

/* Begin PBXNativeTarget section */
		37869A3125BC07620093BF13 /* XCInstaller */ = {
			isa = PBXNativeTarget;
			buildConfigurationList = 37869A4525BC07630093BF13 /* Build configuration list for PBXNativeTarget "XCInstaller" */;
			buildPhases = (
				37869A2E25BC07620093BF13 /* Sources */,
				37869A2F25BC07620093BF13 /* Frameworks */,
				37869A3025BC07620093BF13 /* Resources */,
			);
			buildRules = (
			);
			dependencies = (
			);
			name = XCInstaller;
			productName = XCInstaller;
			productReference = 37869A3225BC07620093BF13 /* XCInstaller.app */;
			productType = "com.apple.product-type.application";
		};
/* End PBXNativeTarget section */

/* Begin PBXProject section */
		37869A2A25BC07620093BF13 /* Project object */ = {
			isa = PBXProject;
			attributes = {
				LastSwiftUpdateCheck = 1130;
				LastUpgradeCheck = 1130;
				ORGANIZATIONNAME = VR;
				TargetAttributes = {
					37869A3125BC07620093BF13 = {
						CreatedOnToolsVersion = 11.3.1;
					};
				};
			};
			buildConfigurationList = 37869A2D25BC07620093BF13 /* Build configuration list for PBXProject "XCInstaller" */;
			compatibilityVersion = "Xcode 9.3";
			developmentRegion = en;
			hasScannedForEncodings = 0;
			knownRegions = (
				en,
				Base,
			);
			mainGroup = 37869A2925BC07620093BF13;
			productRefGroup = 37869A3325BC07620093BF13 /* Products */;
			projectDirPath = "";
			projectRoot = "";
			targets = (
				37869A3125BC07620093BF13 /* XCInstaller */,
			);
		};
/* End PBXProject section */

/* Begin PBXResourcesBuildPhase section */
		37869A3025BC07620093BF13 /* Resources */ = {
			isa = PBXResourcesBuildPhase;
			buildActionMask = 2147483647;
			files = (
				37869A3D25BC07630093BF13 /* Assets.xcassets in Resources */,
				37869A4025BC07630093BF13 /* Main.storyboard in Resources */,
			);
			runOnlyForDeploymentPostprocessing = 0;
		};
/* End PBXResourcesBuildPhase section */

/* Begin PBXSourcesBuildPhase section */
		37869A2E25BC07620093BF13 /* Sources */ = {
			isa = PBXSourcesBuildPhase;
			buildActionMask = 2147483647;
			files = (
				37869A3825BC07620093BF13 /* InstallViewController.swift in Sources */,
				37869A3625BC07620093BF13 /* AppDelegate.swift in Sources */,
				37869A3B25BC07620093BF13 /* XCInstaller.xcdatamodeld in Sources */,
				37869A5325BC2A000093BF13 /* ShellCommandHandler.swift in Sources */,
				37869A4C25BC0C100093BF13 /* DeviceDataStore.swift in Sources */,
			);
			runOnlyForDeploymentPostprocessing = 0;
		};
/* End PBXSourcesBuildPhase section */

/* Begin PBXVariantGroup section */
		37869A3E25BC07630093BF13 /* Main.storyboard */ = {
			isa = PBXVariantGroup;
			children = (
				37869A3F25BC07630093BF13 /* Base */,
			);
			name = Main.storyboard;
			sourceTree = "<group>";
		};
/* End PBXVariantGroup section */

/* Begin XCBuildConfiguration section */
		37869A4325BC07630093BF13 /* Debug */ = {
			isa = XCBuildConfiguration;
			buildSettings = {
				ALWAYS_SEARCH_USER_PATHS = NO;
				CLANG_ANALYZER_NONNULL = YES;
				CLANG_ANALYZER_NUMBER_OBJECT_CONVERSION = YES_AGGRESSIVE;
				CLANG_CXX_LANGUAGE_STANDARD = "gnu++14";
				CLANG_CXX_LIBRARY = "libc++";
				CLANG_ENABLE_MODULES = YES;
				CLANG_ENABLE_OBJC_ARC = YES;
				CLANG_ENABLE_OBJC_WEAK = YES;
				CLANG_WARN_BLOCK_CAPTURE_AUTORELEASING = YES;
				CLANG_WARN_BOOL_CONVERSION = YES;
				CLANG_WARN_COMMA = YES;
				CLANG_WARN_CONSTANT_CONVERSION = YES;
				CLANG_WARN_DEPRECATED_OBJC_IMPLEMENTATIONS = YES;
				CLANG_WARN_DIRECT_OBJC_ISA_USAGE = YES_ERROR;
				CLANG_WARN_DOCUMENTATION_COMMENTS = YES;
				CLANG_WARN_EMPTY_BODY = YES;
				CLANG_WARN_ENUM_CONVERSION = YES;
				CLANG_WARN_INFINITE_RECURSION = YES;
				CLANG_WARN_INT_CONVERSION = YES;
				CLANG_WARN_NON_LITERAL_NULL_CONVERSION = YES;
				CLANG_WARN_OBJC_IMPLICIT_RETAIN_SELF = YES;
				CLANG_WARN_OBJC_LITERAL_CONVERSION = YES;
				CLANG_WARN_OBJC_ROOT_CLASS = YES_ERROR;
				CLANG_WARN_RANGE_LOOP_ANALYSIS = YES;
				CLANG_WARN_STRICT_PROTOTYPES = YES;
				CLANG_WARN_SUSPICIOUS_MOVE = YES;
				CLANG_WARN_UNGUARDED_AVAILABILITY = YES_AGGRESSIVE;
				CLANG_WARN_UNREACHABLE_CODE = YES;
				CLANG_WARN__DUPLICATE_METHOD_MATCH = YES;
				COPY_PHASE_STRIP = NO;
				DEBUG_INFORMATION_FORMAT = dwarf;
				ENABLE_STRICT_OBJC_MSGSEND = YES;
				ENABLE_TESTABILITY = YES;
				GCC_C_LANGUAGE_STANDARD = gnu11;
				GCC_DYNAMIC_NO_PIC = NO;
				GCC_NO_COMMON_BLOCKS = YES;
				GCC_OPTIMIZATION_LEVEL = 0;
				GCC_PREPROCESSOR_DEFINITIONS = (
					"DEBUG=1",
					"$(inherited)",
				);
				GCC_WARN_64_TO_32_BIT_CONVERSION = YES;
				GCC_WARN_ABOUT_RETURN_TYPE = YES_ERROR;
				GCC_WARN_UNDECLARED_SELECTOR = YES;
				GCC_WARN_UNINITIALIZED_AUTOS = YES_AGGRESSIVE;
				GCC_WARN_UNUSED_FUNCTION = YES;
				GCC_WARN_UNUSED_VARIABLE = YES;
				MACOSX_DEPLOYMENT_TARGET = 10.15;
				MTL_ENABLE_DEBUG_INFO = INCLUDE_SOURCE;
				MTL_FAST_MATH = YES;
				ONLY_ACTIVE_ARCH = YES;
				SDKROOT = macosx;
				SWIFT_ACTIVE_COMPILATION_CONDITIONS = DEBUG;
				SWIFT_OPTIMIZATION_LEVEL = "-Onone";
			};
			name = Debug;
		};
		37869A4425BC07630093BF13 /* Release */ = {
			isa = XCBuildConfiguration;
			buildSettings = {
				ALWAYS_SEARCH_USER_PATHS = NO;
				CLANG_ANALYZER_NONNULL = YES;
				CLANG_ANALYZER_NUMBER_OBJECT_CONVERSION = YES_AGGRESSIVE;
				CLANG_CXX_LANGUAGE_STANDARD = "gnu++14";
				CLANG_CXX_LIBRARY = "libc++";
				CLANG_ENABLE_MODULES = YES;
				CLANG_ENABLE_OBJC_ARC = YES;
				CLANG_ENABLE_OBJC_WEAK = YES;
				CLANG_WARN_BLOCK_CAPTURE_AUTORELEASING = YES;
				CLANG_WARN_BOOL_CONVERSION = YES;
				CLANG_WARN_COMMA = YES;
				CLANG_WARN_CONSTANT_CONVERSION = YES;
				CLANG_WARN_DEPRECATED_OBJC_IMPLEMENTATIONS = YES;
				CLANG_WARN_DIRECT_OBJC_ISA_USAGE = YES_ERROR;
				CLANG_WARN_DOCUMENTATION_COMMENTS = YES;
				CLANG_WARN_EMPTY_BODY = YES;
				CLANG_WARN_ENUM_CONVERSION = YES;
				CLANG_WARN_INFINITE_RECURSION = YES;
				CLANG_WARN_INT_CONVERSION = YES;
				CLANG_WARN_NON_LITERAL_NULL_CONVERSION = YES;
				CLANG_WARN_OBJC_IMPLICIT_RETAIN_SELF = YES;
				CLANG_WARN_OBJC_LITERAL_CONVERSION = YES;
				CLANG_WARN_OBJC_ROOT_CLASS = YES_ERROR;
				CLANG_WARN_RANGE_LOOP_ANALYSIS = YES;
				CLANG_WARN_STRICT_PROTOTYPES = YES;
				CLANG_WARN_SUSPICIOUS_MOVE = YES;
				CLANG_WARN_UNGUARDED_AVAILABILITY = YES_AGGRESSIVE;
				CLANG_WARN_UNREACHABLE_CODE = YES;
				CLANG_WARN__DUPLICATE_METHOD_MATCH = YES;
				COPY_PHASE_STRIP = NO;
				DEBUG_INFORMATION_FORMAT = "dwarf-with-dsym";
				ENABLE_NS_ASSERTIONS = NO;
				ENABLE_STRICT_OBJC_MSGSEND = YES;
				GCC_C_LANGUAGE_STANDARD = gnu11;
				GCC_NO_COMMON_BLOCKS = YES;
				GCC_WARN_64_TO_32_BIT_CONVERSION = YES;
				GCC_WARN_ABOUT_RETURN_TYPE = YES_ERROR;
				GCC_WARN_UNDECLARED_SELECTOR = YES;
				GCC_WARN_UNINITIALIZED_AUTOS = YES_AGGRESSIVE;
				GCC_WARN_UNUSED_FUNCTION = YES;
				GCC_WARN_UNUSED_VARIABLE = YES;
				MACOSX_DEPLOYMENT_TARGET = 10.15;
				MTL_ENABLE_DEBUG_INFO = NO;
				MTL_FAST_MATH = YES;
				SDKROOT = macosx;
				SWIFT_COMPILATION_MODE = wholemodule;
				SWIFT_OPTIMIZATION_LEVEL = "-O";
			};
			name = Release;
		};
		37869A4625BC07630093BF13 /* Debug */ = {
			isa = XCBuildConfiguration;
			buildSettings = {
				ASSETCATALOG_COMPILER_APPICON_NAME = AppIcon;
				CODE_SIGN_ENTITLEMENTS = XCInstaller/XCInstaller.entitlements;
				CODE_SIGN_STYLE = Automatic;
				COMBINE_HIDPI_IMAGES = YES;
				INFOPLIST_FILE = XCInstaller/Info.plist;
				LD_RUNPATH_SEARCH_PATHS = (
					"$(inherited)",
					"@executable_path/../Frameworks",
				);
				PRODUCT_BUNDLE_IDENTIFIER = com.vrat28.XCInstaller;
				PRODUCT_NAME = "$(TARGET_NAME)";
				SWIFT_VERSION = 5.0;
			};
			name = Debug;
		};
		37869A4725BC07630093BF13 /* Release */ = {
			isa = XCBuildConfiguration;
			buildSettings = {
				ASSETCATALOG_COMPILER_APPICON_NAME = AppIcon;
				CODE_SIGN_ENTITLEMENTS = XCInstaller/XCInstaller.entitlements;
				CODE_SIGN_STYLE = Automatic;
				COMBINE_HIDPI_IMAGES = YES;
				INFOPLIST_FILE = XCInstaller/Info.plist;
				LD_RUNPATH_SEARCH_PATHS = (
					"$(inherited)",
					"@executable_path/../Frameworks",
				);
				PRODUCT_BUNDLE_IDENTIFIER = com.vrat28.XCInstaller;
				PRODUCT_NAME = "$(TARGET_NAME)";
				SWIFT_VERSION = 5.0;
			};
			name = Release;
		};
/* End XCBuildConfiguration section */

/* Begin XCConfigurationList section */
		37869A2D25BC07620093BF13 /* Build configuration list for PBXProject "XCInstaller" */ = {
			isa = XCConfigurationList;
			buildConfigurations = (
				37869A4325BC07630093BF13 /* Debug */,
				37869A4425BC07630093BF13 /* Release */,
			);
			defaultConfigurationIsVisible = 0;
			defaultConfigurationName = Release;
		};
		37869A4525BC07630093BF13 /* Build configuration list for PBXNativeTarget "XCInstaller" */ = {
			isa = XCConfigurationList;
			buildConfigurations = (
				37869A4625BC07630093BF13 /* Debug */,
				37869A4725BC07630093BF13 /* Release */,
			);
			defaultConfigurationIsVisible = 0;
			defaultConfigurationName = Release;
		};
/* End XCConfigurationList section */

/* Begin XCVersionGroup section */
		37869A3925BC07620093BF13 /* XCInstaller.xcdatamodeld */ = {
			isa = XCVersionGroup;
			children = (
				37869A3A25BC07620093BF13 /* XCInstaller.xcdatamodel */,
			);
			currentVersion = 37869A3A25BC07620093BF13 /* XCInstaller.xcdatamodel */;
			path = XCInstaller.xcdatamodeld;
			sourceTree = "<group>";
			versionGroupType = wrapper.xcdatamodel;
		};
/* End XCVersionGroup section */
	};
	rootObject = 37869A2A25BC07620093BF13 /* Project object */;
}
